<Solution>
  <Folder Name="/scr/">
    <File Path="DirectoryService.slnx" />
    <Project Path="src/DirectoryService.Application/DirectoryService.Application.csproj" />
    <Project Path="src/DirectoryService.Contracts/DirectoryService.Contracts.csproj" />
    <Project Path="src/DirectoryService.Domain/DirectoryService.Domain.csproj" />
    <Project Path="src/DirectoryService.Infrastructure/DirectoryService.Infrastructure.csproj" />
    <Project Path="src/DirectoryService.Presentation/DirectoryService.Presentation.csproj" />
  </Folder>
  <Folder Name="/Solution Items/">
    <File Path=".editorconfig" />
    <File Path=".globalconfig" />
    <File Path="Directory.Build.props" />
    <File Path="Directory.Packages.props" />
    <File Path="docker-compose.yml" />
  </Folder>
</Solution>
